
Microsoft Visual Studio Solution File, Format Version 9.00
# Visual Studio 2005
Project("{8BC9CEB8-8B4A-11D0-8D11-00A0C91BC942}") = "PwSafe", "WinGUI\PwSafe.vcproj", "{C739C9F5-288C-4A5B-B9D8-38A406796A75}"
EndProject
Project("{8BC9CEB8-8B4A-11D0-8D11-00A0C91BC942}") = "KeePassLibC", "KeePassLibC\KeePassLib.vcproj", "{97E15437-C3A6-4C37-BFE5-12E6211932F1}"
EndProject
Global
	GlobalSection(SolutionConfigurationPlatforms) = preSolution
		Debug Profiling|Win32 = Debug Profiling|Win32
		Debug Unicode|Win32 = Debug Unicode|Win32
		Debug|Win32 = Debug|Win32
		Release Unicode|Win32 = Release Unicode|Win32
		Release|Win32 = Release|Win32
	EndGlobalSection
	GlobalSection(ProjectConfigurationPlatforms) = postSolution
		{C739C9F5-288C-4A5B-B9D8-38A406796A75}.Debug Profiling|Win32.ActiveCfg = Debug Profiling|Win32
		{C739C9F5-288C-4A5B-B9D8-38A406796A75}.Debug Profiling|Win32.Build.0 = Debug Profiling|Win32
		{C739C9F5-288C-4A5B-B9D8-38A406796A75}.Debug Unicode|Win32.ActiveCfg = Debug Unicode|Win32
		{C739C9F5-288C-4A5B-B9D8-38A406796A75}.Debug Unicode|Win32.Build.0 = Debug Unicode|Win32
		{C739C9F5-288C-4A5B-B9D8-38A406796A75}.Debug|Win32.ActiveCfg = Debug|Win32
		{C739C9F5-288C-4A5B-B9D8-38A406796A75}.Debug|Win32.Build.0 = Debug|Win32
		{C739C9F5-288C-4A5B-B9D8-38A406796A75}.Release Unicode|Win32.ActiveCfg = Release Unicode|Win32
		{C739C9F5-288C-4A5B-B9D8-38A406796A75}.Release Unicode|Win32.Build.0 = Release Unicode|Win32
		{C739C9F5-288C-4A5B-B9D8-38A406796A75}.Release|Win32.ActiveCfg = Release|Win32
		{C739C9F5-288C-4A5B-B9D8-38A406796A75}.Release|Win32.Build.0 = Release|Win32
		{97E15437-C3A6-4C37-BFE5-12E6211932F1}.Debug Profiling|Win32.ActiveCfg = Debug|Win32
		{97E15437-C3A6-4C37-BFE5-12E6211932F1}.Debug Profiling|Win32.Build.0 = Debug|Win32
		{97E15437-C3A6-4C37-BFE5-12E6211932F1}.Debug Unicode|Win32.ActiveCfg = Debug|Win32
		{97E15437-C3A6-4C37-BFE5-12E6211932F1}.Debug Unicode|Win32.Build.0 = Debug|Win32
		{97E15437-C3A6-4C37-BFE5-12E6211932F1}.Debug|Win32.ActiveCfg = Debug|Win32
		{97E15437-C3A6-4C37-BFE5-12E6211932F1}.Debug|Win32.Build.0 = Debug|Win32
		{97E15437-C3A6-4C37-BFE5-12E6211932F1}.Release Unicode|Win32.ActiveCfg = Release Unicode|Win32
		{97E15437-C3A6-4C37-BFE5-12E6211932F1}.Release Unicode|Win32.Build.0 = Release Unicode|Win32
		{97E15437-C3A6-4C37-BFE5-12E6211932F1}.Release|Win32.ActiveCfg = Release|Win32
		{97E15437-C3A6-4C37-BFE5-12E6211932F1}.Release|Win32.Build.0 = Release|Win32
	EndGlobalSection
	GlobalSection(SolutionProperties) = preSolution
		HideSolutionNode = FALSE
	EndGlobalSection
EndGlobal
