
Microsoft Visual Studio Solution File, Format Version 10.00
# Visual Studio 2008
Project("{54435603-DBB4-11D2-8724-00A0C9A8B90C}") = "KeePassMsi", "KeePassMsi.vdproj", "{0F980B96-D5FF-4A2F-BC9E-B9A4E0E2DDA6}"
EndProject
Global
	GlobalSection(SolutionConfigurationPlatforms) = preSolution
		Debug|Default = Debug|Default
		Release|Default = Release|Default
	EndGlobalSection
	GlobalSection(ProjectConfigurationPlatforms) = postSolution
		{0F980B96-D5FF-4A2F-BC9E-B9A4E0E2DDA6}.Debug|Default.ActiveCfg = Debug
		{0F980B96-D5FF-4A2F-BC9E-B9A4E0E2DDA6}.Debug|Default.Build.0 = Debug
		{0F980B96-D5FF-4A2F-BC9E-B9A4E0E2DDA6}.Release|Default.ActiveCfg = Release
		{0F980B96-D5FF-4A2F-BC9E-B9A4E0E2DDA6}.Release|Default.Build.0 = Release
	EndGlobalSection
	GlobalSection(SolutionProperties) = preSolution
		HideSolutionNode = FALSE
	EndGlobalSection
EndGlobal
